// !$*UTF8*$!
{
	archiveVersion = 1;
	classes = {
	};
	objectVersion = 48;
	objects = {

/* Begin PBXBuildFile section */
		051507291FCD11D100BEE324 /* AppDelegate.m in Sources */ = {isa = PBXBuildFile; fileRef = 051507281FCD11D100BEE324 /* AppDelegate.m */; };
		0515072C1FCD11D100BEE324 /* ViewController.m in Sources */ = {isa = PBXBuildFile; fileRef = 0515072B1FCD11D100BEE324 /* ViewController.m */; };
		0515072F1FCD11D100BEE324 /* Main.storyboard in Resources */ = {isa = PBXBuildFile; fileRef = 0515072D1FCD11D100BEE324 /* Main.storyboard */; };
		051507311FCD11D100BEE324 /* Assets.xcassets in Resources */ = {isa = PBXBuildFile; fileRef = 051507301FCD11D100BEE324 /* Assets.xcassets */; };
		051507341FCD11D100BEE324 /* LaunchScreen.storyboard in Resources */ = {isa = PBXBuildFile; fileRef = 051507321FCD11D100BEE324 /* LaunchScreen.storyboard */; };
		051507371FCD11D100BEE324 /* main.m in Sources */ = {isa = PBXBuildFile; fileRef = 051507361FCD11D100BEE324 /* main.m */; };
		051507411FCD11D100BEE324 /* DSZSQLITE3Tests.m in Sources */ = {isa = PBXBuildFile; fileRef = 051507401FCD11D100BEE324 /* DSZSQLITE3Tests.m */; };
		0515074C1FCD11D100BEE324 /* DSZSQLITE3UITests.m in Sources */ = {isa = PBXBuildFile; fileRef = 0515074B1FCD11D100BEE324 /* DSZSQLITE3UITests.m */; };
		0515075E1FCD2E2E00BEE324 /* DSZDBHelper.m in Sources */ = {isa = PBXBuildFile; fileRef = 0515075C1FCD2E2E00BEE324 /* DSZDBHelper.m */; };
		051507631FCD2E6100BEE324 /* DBOption.m in Sources */ = {isa = PBXBuildFile; fileRef = 0515075F1FCD2E6100BEE324 /* DBOption.m */; };
		051507641FCD2E6100BEE324 /* DBFunCollect.m in Sources */ = {isa = PBXBuildFile; fileRef = 051507621FCD2E6100BEE324 /* DBFunCollect.m */; };
		D75EA0D23D2259A84724C0F5 /* libPods-DSZSQLITE3.a in Frameworks */ = {isa = PBXBuildFile; fileRef = C6DA3CD05AA33775A5474570 /* libPods-DSZSQLITE3.a */; };
/* End PBXBuildFile section */

/* Begin PBXContainerItemProxy section */
		0515073D1FCD11D100BEE324 /* PBXContainerItemProxy */ = {
			isa = PBXContainerItemProxy;
			containerPortal = 0515071C1FCD11D100BEE324 /* Project object */;
			proxyType = 1;
			remoteGlobalIDString = 051507231FCD11D100BEE324;
			remoteInfo = DSZSQLITE3;
		};
		051507481FCD11D100BEE324 /* PBXContainerItemProxy */ = {
			isa = PBXContainerItemProxy;
			containerPortal = 0515071C1FCD11D100BEE324 /* Project object */;
			proxyType = 1;
			remoteGlobalIDString = 051507231FCD11D100BEE324;
			remoteInfo = DSZSQLITE3;
		};
/* End PBXContainerItemProxy section */

/* Begin PBXFileReference section */
		051507241FCD11D100BEE324 /* DSZSQLITE3.app */ = {isa = PBXFileReference; explicitFileType = wrapper.application; includeInIndex = 0; path = DSZSQLITE3.app; sourceTree = BUILT_PRODUCTS_DIR; };
		051507271FCD11D100BEE324 /* AppDelegate.h */ = {isa = PBXFileReference; lastKnownFileType = sourcecode.c.h; path = AppDelegate.h; sourceTree = "<group>"; };
		051507281FCD11D100BEE324 /* AppDelegate.m */ = {isa = PBXFileReference; lastKnownFileType = sourcecode.c.objc; path = AppDelegate.m; sourceTree = "<group>"; };
		0515072A1FCD11D100BEE324 /* ViewController.h */ = {isa = PBXFileReference; lastKnownFileType = sourcecode.c.h; path = ViewController.h; sourceTree = "<group>"; };
		0515072B1FCD11D100BEE324 /* ViewController.m */ = {isa = PBXFileReference; lastKnownFileType = sourcecode.c.objc; path = ViewController.m; sourceTree = "<group>"; };
		0515072E1FCD11D100BEE324 /* Base */ = {isa = PBXFileReference; lastKnownFileType = file.storyboard; name = Base; path = Base.lproj/Main.storyboard; sourceTree = "<group>"; };
		051507301FCD11D100BEE324 /* Assets.xcassets */ = {isa = PBXFileReference; lastKnownFileType = folder.assetcatalog; path = Assets.xcassets; sourceTree = "<group>"; };
		051507331FCD11D100BEE324 /* Base */ = {isa = PBXFileReference; lastKnownFileType = file.storyboard; name = Base; path = Base.lproj/LaunchScreen.storyboard; sourceTree = "<group>"; };
		051507351FCD11D100BEE324 /* Info.plist */ = {isa = PBXFileReference; lastKnownFileType = text.plist.xml; path = Info.plist; sourceTree = "<group>"; };
		051507361FCD11D100BEE324 /* main.m */ = {isa = PBXFileReference; lastKnownFileType = sourcecode.c.objc; path = main.m; sourceTree = "<group>"; };
		0515073C1FCD11D100BEE324 /* DSZSQLITE3Tests.xctest */ = {isa = PBXFileReference; explicitFileType = wrapper.cfbundle; includeInIndex = 0; path = DSZSQLITE3Tests.xctest; sourceTree = BUILT_PRODUCTS_DIR; };
		051507401FCD11D100BEE324 /* DSZSQLITE3Tests.m */ = {isa = PBXFileReference; lastKnownFileType = sourcecode.c.objc; path = DSZSQLITE3Tests.m; sourceTree = "<group>"; };
		051507421FCD11D100BEE324 /* Info.plist */ = {isa = PBXFileReference; lastKnownFileType = text.plist.xml; path = Info.plist; sourceTree = "<group>"; };
		051507471FCD11D100BEE324 /* DSZSQLITE3UITests.xctest */ = {isa = PBXFileReference; explicitFileType = wrapper.cfbundle; includeInIndex = 0; path = DSZSQLITE3UITests.xctest; sourceTree = BUILT_PRODUCTS_DIR; };
		0515074B1FCD11D100BEE324 /* DSZSQLITE3UITests.m */ = {isa = PBXFileReference; lastKnownFileType = sourcecode.c.objc; path = DSZSQLITE3UITests.m; sourceTree = "<group>"; };
		0515074D1FCD11D100BEE324 /* Info.plist */ = {isa = PBXFileReference; lastKnownFileType = text.plist.xml; path = Info.plist; sourceTree = "<group>"; };
		0515075C1FCD2E2E00BEE324 /* DSZDBHelper.m */ = {isa = PBXFileReference; fileEncoding = 4; lastKnownFileType = sourcecode.c.objc; path = DSZDBHelper.m; sourceTree = "<group>"; };
		0515075D1FCD2E2E00BEE324 /* DSZDBHelper.h */ = {isa = PBXFileReference; fileEncoding = 4; lastKnownFileType = sourcecode.c.h; path = DSZDBHelper.h; sourceTree = "<group>"; };
		0515075F1FCD2E6100BEE324 /* DBOption.m */ = {isa = PBXFileReference; fileEncoding = 4; lastKnownFileType = sourcecode.c.objc; path = DBOption.m; sourceTree = "<group>"; };
		051507601FCD2E6100BEE324 /* DBFunCollect.h */ = {isa = PBXFileReference; fileEncoding = 4; lastKnownFileType = sourcecode.c.h; path = DBFunCollect.h; sourceTree = "<group>"; };
		051507611FCD2E6100BEE324 /* DBOption.h */ = {isa = PBXFileReference; fileEncoding = 4; lastKnownFileType = sourcecode.c.h; path = DBOption.h; sourceTree = "<group>"; };
		051507621FCD2E6100BEE324 /* DBFunCollect.m */ = {isa = PBXFileReference; fileEncoding = 4; lastKnownFileType = sourcecode.c.objc; path = DBFunCollect.m; sourceTree = "<group>"; };
		2E189E44741B2BBD39BBE1EA /* Pods-DSZSQLITE3.debug.xcconfig */ = {isa = PBXFileReference; includeInIndex = 1; lastKnownFileType = text.xcconfig; name = "Pods-DSZSQLITE3.debug.xcconfig"; path = "Pods/Target Support Files/Pods-DSZSQLITE3/Pods-DSZSQLITE3.debug.xcconfig"; sourceTree = "<group>"; };
		4A56AC4F33B55E8357E97601 /* Pods-DSZSQLITE3.release.xcconfig */ = {isa = PBXFileReference; includeInIndex = 1; lastKnownFileType = text.xcconfig; name = "Pods-DSZSQLITE3.release.xcconfig"; path = "Pods/Target Support Files/Pods-DSZSQLITE3/Pods-DSZSQLITE3.release.xcconfig"; sourceTree = "<group>"; };
		C6DA3CD05AA33775A5474570 /* libPods-DSZSQLITE3.a */ = {isa = PBXFileReference; explicitFileType = archive.ar; includeInIndex = 0; path = "libPods-DSZSQLITE3.a"; sourceTree = BUILT_PRODUCTS_DIR; };
/* End PBXFileReference section */

/* Begin PBXFrameworksBuildPhase section */
		051507211FCD11D100BEE324 /* Frameworks */ = {
			isa = PBXFrameworksBuildPhase;
			buildActionMask = 2147483647;
			files = (
				D75EA0D23D2259A84724C0F5 /* libPods-DSZSQLITE3.a in Frameworks */,
			);
			runOnlyForDeploymentPostprocessing = 0;
		};
		051507391FCD11D100BEE324 /* Frameworks */ = {
			isa = PBXFrameworksBuildPhase;
			buildActionMask = 2147483647;
			files = (
			);
			runOnlyForDeploymentPostprocessing = 0;
		};
		051507441FCD11D100BEE324 /* Frameworks */ = {
			isa = PBXFrameworksBuildPhase;
			buildActionMask = 2147483647;
			files = (
			);
			runOnlyForDeploymentPostprocessing = 0;
		};
/* End PBXFrameworksBuildPhase section */

/* Begin PBXGroup section */
		0515071B1FCD11D100BEE324 = {
			isa = PBXGroup;
			children = (
				051507261FCD11D100BEE324 /* DSZSQLITE3 */,
				0515073F1FCD11D100BEE324 /* DSZSQLITE3Tests */,
				0515074A1FCD11D100BEE324 /* DSZSQLITE3UITests */,
				051507251FCD11D100BEE324 /* Products */,
				9995FEC575B898A9C58218BE /* Pods */,
				3FC953B067C4D1F241CEAE93 /* Frameworks */,
			);
			sourceTree = "<group>";
		};
		051507251FCD11D100BEE324 /* Products */ = {
			isa = PBXGroup;
			children = (
				051507241FCD11D100BEE324 /* DSZSQLITE3.app */,
				0515073C1FCD11D100BEE324 /* DSZSQLITE3Tests.xctest */,
				051507471FCD11D100BEE324 /* DSZSQLITE3UITests.xctest */,
			);
			name = Products;
			sourceTree = "<group>";
		};
		051507261FCD11D100BEE324 /* DSZSQLITE3 */ = {
			isa = PBXGroup;
			children = (
				051507271FCD11D100BEE324 /* AppDelegate.h */,
				051507281FCD11D100BEE324 /* AppDelegate.m */,
				0515072A1FCD11D100BEE324 /* ViewController.h */,
				0515072B1FCD11D100BEE324 /* ViewController.m */,
				0515075D1FCD2E2E00BEE324 /* DSZDBHelper.h */,
				0515075C1FCD2E2E00BEE324 /* DSZDBHelper.m */,
				051507601FCD2E6100BEE324 /* DBFunCollect.h */,
				051507621FCD2E6100BEE324 /* DBFunCollect.m */,
				051507611FCD2E6100BEE324 /* DBOption.h */,
				0515075F1FCD2E6100BEE324 /* DBOption.m */,
				0515072D1FCD11D100BEE324 /* Main.storyboard */,
				051507301FCD11D100BEE324 /* Assets.xcassets */,
				051507321FCD11D100BEE324 /* LaunchScreen.storyboard */,
				051507351FCD11D100BEE324 /* Info.plist */,
				051507361FCD11D100BEE324 /* main.m */,
			);
			path = DSZSQLITE3;
			sourceTree = "<group>";
		};
		0515073F1FCD11D100BEE324 /* DSZSQLITE3Tests */ = {
			isa = PBXGroup;
			children = (
				051507401FCD11D100BEE324 /* DSZSQLITE3Tests.m */,
				051507421FCD11D100BEE324 /* Info.plist */,
			);
			path = DSZSQLITE3Tests;
			sourceTree = "<group>";
		};
		0515074A1FCD11D100BEE324 /* DSZSQLITE3UITests */ = {
			isa = PBXGroup;
			children = (
				0515074B1FCD11D100BEE324 /* DSZSQLITE3UITests.m */,
				0515074D1FCD11D100BEE324 /* Info.plist */,
			);
			path = DSZSQLITE3UITests;
			sourceTree = "<group>";
		};
		3FC953B067C4D1F241CEAE93 /* Frameworks */ = {
			isa = PBXGroup;
			children = (
				C6DA3CD05AA33775A5474570 /* libPods-DSZSQLITE3.a */,
			);
			name = Frameworks;
			sourceTree = "<group>";
		};
		9995FEC575B898A9C58218BE /* Pods */ = {
			isa = PBXGroup;
			children = (
				2E189E44741B2BBD39BBE1EA /* Pods-DSZSQLITE3.debug.xcconfig */,
				4A56AC4F33B55E8357E97601 /* Pods-DSZSQLITE3.release.xcconfig */,
			);
			name = Pods;
			sourceTree = "<group>";
		};
/* End PBXGroup section */

/* Begin PBXNativeTarget section */
		051507231FCD11D100BEE324 /* DSZSQLITE3 */ = {
			isa = PBXNativeTarget;
			buildConfigurationList = 051507501FCD11D100BEE324 /* Build configuration list for PBXNativeTarget "DSZSQLITE3" */;
			buildPhases = (
				28C29A61F33CC94E1060768F /* [CP] Check Pods Manifest.lock */,
				051507201FCD11D100BEE324 /* Sources */,
				051507211FCD11D100BEE324 /* Frameworks */,
				051507221FCD11D100BEE324 /* Resources */,
				4E71FCD4CD25CD348482FF38 /* [CP] Embed Pods Frameworks */,
				4D23DBB89E7704E8E4FAB819 /* [CP] Copy Pods Resources */,
			);
			buildRules = (
			);
			dependencies = (
			);
			name = DSZSQLITE3;
			productName = DSZSQLITE3;
			productReference = 051507241FCD11D100BEE324 /* DSZSQLITE3.app */;
			productType = "com.apple.product-type.application";
		};
		0515073B1FCD11D100BEE324 /* DSZSQLITE3Tests */ = {
			isa = PBXNativeTarget;
			buildConfigurationList = 051507531FCD11D100BEE324 /* Build configuration list for PBXNativeTarget "DSZSQLITE3Tests" */;
			buildPhases = (
				051507381FCD11D100BEE324 /* Sources */,
				051507391FCD11D100BEE324 /* Frameworks */,
				0515073A1FCD11D100BEE324 /* Resources */,
			);
			buildRules = (
			);
			dependencies = (
				0515073E1FCD11D100BEE324 /* PBXTargetDependency */,
			);
			name = DSZSQLITE3Tests;
			productName = DSZSQLITE3Tests;
			productReference = 0515073C1FCD11D100BEE324 /* DSZSQLITE3Tests.xctest */;
			productType = "com.apple.product-type.bundle.unit-test";
		};
		051507461FCD11D100BEE324 /* DSZSQLITE3UITests */ = {
			isa = PBXNativeTarget;
			buildConfigurationList = 051507561FCD11D100BEE324 /* Build configuration list for PBXNativeTarget "DSZSQLITE3UITests" */;
			buildPhases = (
				051507431FCD11D100BEE324 /* Sources */,
				051507441FCD11D100BEE324 /* Frameworks */,
				051507451FCD11D100BEE324 /* Resources */,
			);
			buildRules = (
			);
			dependencies = (
				051507491FCD11D100BEE324 /* PBXTargetDependency */,
			);
			name = DSZSQLITE3UITests;
			productName = DSZSQLITE3UITests;
			productReference = 051507471FCD11D100BEE324 /* DSZSQLITE3UITests.xctest */;
			productType = "com.apple.product-type.bundle.ui-testing";
		};
/* End PBXNativeTarget section */

/* Begin PBXProject section */
		0515071C1FCD11D100BEE324 /* Project object */ = {
			isa = PBXProject;
			attributes = {
				LastUpgradeCheck = 0910;
				ORGANIZATIONNAME = zjwist;
				TargetAttributes = {
					051507231FCD11D100BEE324 = {
						CreatedOnToolsVersion = 9.1;
						ProvisioningStyle = Automatic;
					};
					0515073B1FCD11D100BEE324 = {
						CreatedOnToolsVersion = 9.1;
						ProvisioningStyle = Automatic;
						TestTargetID = 051507231FCD11D100BEE324;
					};
					051507461FCD11D100BEE324 = {
						CreatedOnToolsVersion = 9.1;
						ProvisioningStyle = Automatic;
						TestTargetID = 051507231FCD11D100BEE324;
					};
				};
			};
			buildConfigurationList = 0515071F1FCD11D100BEE324 /* Build configuration list for PBXProject "DSZSQLITE3" */;
			compatibilityVersion = "Xcode 8.0";
			developmentRegion = en;
			hasScannedForEncodings = 0;
			knownRegions = (
				en,
				Base,
			);
			mainGroup = 0515071B1FCD11D100BEE324;
			productRefGroup = 051507251FCD11D100BEE324 /* Products */;
			projectDirPath = "";
			projectRoot = "";
			targets = (
				051507231FCD11D100BEE324 /* DSZSQLITE3 */,
				0515073B1FCD11D100BEE324 /* DSZSQLITE3Tests */,
				051507461FCD11D100BEE324 /* DSZSQLITE3UITests */,
			);
		};
/* End PBXProject section */

/* Begin PBXResourcesBuildPhase section */
		051507221FCD11D100BEE324 /* Resources */ = {
			isa = PBXResourcesBuildPhase;
			buildActionMask = 2147483647;
			files = (
				051507341FCD11D100BEE324 /* LaunchScreen.storyboard in Resources */,
				051507311FCD11D100BEE324 /* Assets.xcassets in Resources */,
				0515072F1FCD11D100BEE324 /* Main.storyboard in Resources */,
			);
			runOnlyForDeploymentPostprocessing = 0;
		};
		0515073A1FCD11D100BEE324 /* Resources */ = {
			isa = PBXResourcesBuildPhase;
			buildActionMask = 2147483647;
			files = (
			);
			runOnlyForDeploymentPostprocessing = 0;
		};
		051507451FCD11D100BEE324 /* Resources */ = {
			isa = PBXResourcesBuildPhase;
			buildActionMask = 2147483647;
			files = (
			);
			runOnlyForDeploymentPostprocessing = 0;
		};
/* End PBXResourcesBuildPhase section */

/* Begin PBXShellScriptBuildPhase section */
		28C29A61F33CC94E1060768F /* [CP] Check Pods Manifest.lock */ = {
			isa = PBXShellScriptBuildPhase;
			buildActionMask = 2147483647;
			files = (
			);
			inputPaths = (
			);
			name = "[CP] Check Pods Manifest.lock";
			outputPaths = (
			);
			runOnlyForDeploymentPostprocessing = 0;
			shellPath = /bin/sh;
			shellScript = "diff \"${PODS_PODFILE_DIR_PATH}/Podfile.lock\" \"${PODS_ROOT}/Manifest.lock\" > /dev/null\nif [ $? != 0 ] ; then\n    # print error to STDERR\n    echo \"error: The sandbox is not in sync with the Podfile.lock. Run 'pod install' or update your CocoaPods installation.\" >&2\n    exit 1\nfi\n";
			showEnvVarsInLog = 0;
		};
		4D23DBB89E7704E8E4FAB819 /* [CP] Copy Pods Resources */ = {
			isa = PBXShellScriptBuildPhase;
			buildActionMask = 2147483647;
			files = (
			);
			inputPaths = (
			);
			name = "[CP] Copy Pods Resources";
			outputPaths = (
			);
			runOnlyForDeploymentPostprocessing = 0;
			shellPath = /bin/sh;
			shellScript = "\"${SRCROOT}/Pods/Target Support Files/Pods-DSZSQLITE3/Pods-DSZSQLITE3-resources.sh\"\n";
			showEnvVarsInLog = 0;
		};
		4E71FCD4CD25CD348482FF38 /* [CP] Embed Pods Frameworks */ = {
			isa = PBXShellScriptBuildPhase;
			buildActionMask = 2147483647;
			files = (
			);
			inputPaths = (
			);
			name = "[CP] Embed Pods Frameworks";
			outputPaths = (
			);
			runOnlyForDeploymentPostprocessing = 0;
			shellPath = /bin/sh;
			shellScript = "\"${SRCROOT}/Pods/Target Support Files/Pods-DSZSQLITE3/Pods-DSZSQLITE3-frameworks.sh\"\n";
			showEnvVarsInLog = 0;
		};
/* End PBXShellScriptBuildPhase section */

/* Begin PBXSourcesBuildPhase section */
		051507201FCD11D100BEE324 /* Sources */ = {
			isa = PBXSourcesBuildPhase;
			buildActionMask = 2147483647;
			files = (
				0515072C1FCD11D100BEE324 /* ViewController.m in Sources */,
				051507631FCD2E6100BEE324 /* DBOption.m in Sources */,
				051507371FCD11D100BEE324 /* main.m in Sources */,
				051507291FCD11D100BEE324 /* AppDelegate.m in Sources */,
				051507641FCD2E6100BEE324 /* DBFunCollect.m in Sources */,
				0515075E1FCD2E2E00BEE324 /* DSZDBHelper.m in Sources */,
			);
			runOnlyForDeploymentPostprocessing = 0;
		};
		051507381FCD11D100BEE324 /* Sources */ = {
			isa = PBXSourcesBuildPhase;
			buildActionMask = 2147483647;
			files = (
				051507411FCD11D100BEE324 /* DSZSQLITE3Tests.m in Sources */,
			);
			runOnlyForDeploymentPostprocessing = 0;
		};
		051507431FCD11D100BEE324 /* Sources */ = {
			isa = PBXSourcesBuildPhase;
			buildActionMask = 2147483647;
			files = (
				0515074C1FCD11D100BEE324 /* DSZSQLITE3UITests.m in Sources */,
			);
			runOnlyForDeploymentPostprocessing = 0;
		};
/* End PBXSourcesBuildPhase section */

/* Begin PBXTargetDependency section */
		0515073E1FCD11D100BEE324 /* PBXTargetDependency */ = {
			isa = PBXTargetDependency;
			target = 051507231FCD11D100BEE324 /* DSZSQLITE3 */;
			targetProxy = 0515073D1FCD11D100BEE324 /* PBXContainerItemProxy */;
		};
		051507491FCD11D100BEE324 /* PBXTargetDependency */ = {
			isa = PBXTargetDependency;
			target = 051507231FCD11D100BEE324 /* DSZSQLITE3 */;
			targetProxy = 051507481FCD11D100BEE324 /* PBXContainerItemProxy */;
		};
/* End PBXTargetDependency section */

/* Begin PBXVariantGroup section */
		0515072D1FCD11D100BEE324 /* Main.storyboard */ = {
			isa = PBXVariantGroup;
			children = (
				0515072E1FCD11D100BEE324 /* Base */,
			);
			name = Main.storyboard;
			sourceTree = "<group>";
		};
		051507321FCD11D100BEE324 /* LaunchScreen.storyboard */ = {
			isa = PBXVariantGroup;
			children = (
				051507331FCD11D100BEE324 /* Base */,
			);
			name = LaunchScreen.storyboard;
			sourceTree = "<group>";
		};
/* End PBXVariantGroup section */

/* Begin XCBuildConfiguration section */
		0515074E1FCD11D100BEE324 /* Debug */ = {
			isa = XCBuildConfiguration;
			buildSettings = {
				ALWAYS_SEARCH_USER_PATHS = NO;
				CLANG_ANALYZER_NONNULL = YES;
				CLANG_ANALYZER_NUMBER_OBJECT_CONVERSION = YES_AGGRESSIVE;
				CLANG_CXX_LANGUAGE_STANDARD = "gnu++14";
				CLANG_CXX_LIBRARY = "libc++";
				CLANG_ENABLE_MODULES = YES;
				CLANG_ENABLE_OBJC_ARC = YES;
				CLANG_WARN_BLOCK_CAPTURE_AUTORELEASING = YES;
				CLANG_WARN_BOOL_CONVERSION = YES;
				CLANG_WARN_COMMA = YES;
				CLANG_WARN_CONSTANT_CONVERSION = YES;
				CLANG_WARN_DIRECT_OBJC_ISA_USAGE = YES_ERROR;
				CLANG_WARN_DOCUMENTATION_COMMENTS = YES;
				CLANG_WARN_EMPTY_BODY = YES;
				CLANG_WARN_ENUM_CONVERSION = YES;
				CLANG_WARN_INFINITE_RECURSION = YES;
				CLANG_WARN_INT_CONVERSION = YES;
				CLANG_WARN_NON_LITERAL_NULL_CONVERSION = YES;
				CLANG_WARN_OBJC_LITERAL_CONVERSION = YES;
				CLANG_WARN_OBJC_ROOT_CLASS = YES_ERROR;
				CLANG_WARN_RANGE_LOOP_ANALYSIS = YES;
				CLANG_WARN_STRICT_PROTOTYPES = YES;
				CLANG_WARN_SUSPICIOUS_MOVE = YES;
				CLANG_WARN_UNGUARDED_AVAILABILITY = YES_AGGRESSIVE;
				CLANG_WARN_UNREACHABLE_CODE = YES;
				CLANG_WARN__DUPLICATE_METHOD_MATCH = YES;
				CODE_SIGN_IDENTITY = "iPhone Developer";
				COPY_PHASE_STRIP = NO;
				DEBUG_INFORMATION_FORMAT = dwarf;
				ENABLE_STRICT_OBJC_MSGSEND = YES;
				ENABLE_TESTABILITY = YES;
				GCC_C_LANGUAGE_STANDARD = gnu11;
				GCC_DYNAMIC_NO_PIC = NO;
				GCC_NO_COMMON_BLOCKS = YES;
				GCC_OPTIMIZATION_LEVEL = 0;
				GCC_PREPROCESSOR_DEFINITIONS = (
					"DEBUG=1",
					"$(inherited)",
				);
				GCC_WARN_64_TO_32_BIT_CONVERSION = YES;
				GCC_WARN_ABOUT_RETURN_TYPE = YES_ERROR;
				GCC_WARN_UNDECLARED_SELECTOR = YES;
				GCC_WARN_UNINITIALIZED_AUTOS = YES_AGGRESSIVE;
				GCC_WARN_UNUSED_FUNCTION = YES;
				GCC_WARN_UNUSED_VARIABLE = YES;
				IPHONEOS_DEPLOYMENT_TARGET = 11.1;
				MTL_ENABLE_DEBUG_INFO = YES;
				ONLY_ACTIVE_ARCH = YES;
				SDKROOT = iphoneos;
			};
			name = Debug;
		};
		0515074F1FCD11D100BEE324 /* Release */ = {
			isa = XCBuildConfiguration;
			buildSettings = {
				ALWAYS_SEARCH_USER_PATHS = NO;
				CLANG_ANALYZER_NONNULL = YES;
				CLANG_ANALYZER_NUMBER_OBJECT_CONVERSION = YES_AGGRESSIVE;
				CLANG_CXX_LANGUAGE_STANDARD = "gnu++14";
				CLANG_CXX_LIBRARY = "libc++";
				CLANG_ENABLE_MODULES = YES;
				CLANG_ENABLE_OBJC_ARC = YES;
				CLANG_WARN_BLOCK_CAPTURE_AUTORELEASING = YES;
				CLANG_WARN_BOOL_CONVERSION = YES;
				CLANG_WARN_COMMA = YES;
				CLANG_WARN_CONSTANT_CONVERSION = YES;
				CLANG_WARN_DIRECT_OBJC_ISA_USAGE = YES_ERROR;
				CLANG_WARN_DOCUMENTATION_COMMENTS = YES;
				CLANG_WARN_EMPTY_BODY = YES;
				CLANG_WARN_ENUM_CONVERSION = YES;
				CLANG_WARN_INFINITE_RECURSION = YES;
				CLANG_WARN_INT_CONVERSION = YES;
				CLANG_WARN_NON_LITERAL_NULL_CONVERSION = YES;
				CLANG_WARN_OBJC_LITERAL_CONVERSION = YES;
				CLANG_WARN_OBJC_ROOT_CLASS = YES_ERROR;
				CLANG_WARN_RANGE_LOOP_ANALYSIS = YES;
				CLANG_WARN_STRICT_PROTOTYPES = YES;
				CLANG_WARN_SUSPICIOUS_MOVE = YES;
				CLANG_WARN_UNGUARDED_AVAILABILITY = YES_AGGRESSIVE;
				CLANG_WARN_UNREACHABLE_CODE = YES;
				CLANG_WARN__DUPLICATE_METHOD_MATCH = YES;
				CODE_SIGN_IDENTITY = "iPhone Developer";
				COPY_PHASE_STRIP = NO;
				DEBUG_INFORMATION_FORMAT = "dwarf-with-dsym";
				ENABLE_NS_ASSERTIONS = NO;
				ENABLE_STRICT_OBJC_MSGSEND = YES;
				GCC_C_LANGUAGE_STANDARD = gnu11;
				GCC_NO_COMMON_BLOCKS = YES;
				GCC_WARN_64_TO_32_BIT_CONVERSION = YES;
				GCC_WARN_ABOUT_RETURN_TYPE = YES_ERROR;
				GCC_WARN_UNDECLARED_SELECTOR = YES;
				GCC_WARN_UNINITIALIZED_AUTOS = YES_AGGRESSIVE;
				GCC_WARN_UNUSED_FUNCTION = YES;
				GCC_WARN_UNUSED_VARIABLE = YES;
				IPHONEOS_DEPLOYMENT_TARGET = 11.1;
				MTL_ENABLE_DEBUG_INFO = NO;
				SDKROOT = iphoneos;
				VALIDATE_PRODUCT = YES;
			};
			name = Release;
		};
		051507511FCD11D100BEE324 /* Debug */ = {
			isa = XCBuildConfiguration;
			baseConfigurationReference = 2E189E44741B2BBD39BBE1EA /* Pods-DSZSQLITE3.debug.xcconfig */;
			buildSettings = {
				ASSETCATALOG_COMPILER_APPICON_NAME = AppIcon;
				CODE_SIGN_STYLE = Automatic;
				DEVELOPMENT_TEAM = 5D5QPXSMSZ;
				INFOPLIST_FILE = DSZSQLITE3/Info.plist;
				LD_RUNPATH_SEARCH_PATHS = "$(inherited) @executable_path/Frameworks";
				PRODUCT_BUNDLE_IDENTIFIER = com.zjwist.a.DSZSQLITE3;
				PRODUCT_NAME = "$(TARGET_NAME)";
				TARGETED_DEVICE_FAMILY = "1,2";
			};
			name = Debug;
		};
		051507521FCD11D100BEE324 /* Release */ = {
			isa = XCBuildConfiguration;
			baseConfigurationReference = 4A56AC4F33B55E8357E97601 /* Pods-DSZSQLITE3.release.xcconfig */;
			buildSettings = {
				ASSETCATALOG_COMPILER_APPICON_NAME = AppIcon;
				CODE_SIGN_STYLE = Automatic;
				DEVELOPMENT_TEAM = 5D5QPXSMSZ;
				INFOPLIST_FILE = DSZSQLITE3/Info.plist;
				LD_RUNPATH_SEARCH_PATHS = "$(inherited) @executable_path/Frameworks";
				PRODUCT_BUNDLE_IDENTIFIER = com.zjwist.a.DSZSQLITE3;
				PRODUCT_NAME = "$(TARGET_NAME)";
				TARGETED_DEVICE_FAMILY = "1,2";
			};
			name = Release;
		};
		051507541FCD11D100BEE324 /* Debug */ = {
			isa = XCBuildConfiguration;
			buildSettings = {
				BUNDLE_LOADER = "$(TEST_HOST)";
				CODE_SIGN_STYLE = Automatic;
				DEVELOPMENT_TEAM = 5D5QPXSMSZ;
				INFOPLIST_FILE = DSZSQLITE3Tests/Info.plist;
				LD_RUNPATH_SEARCH_PATHS = "$(inherited) @executable_path/Frameworks @loader_path/Frameworks";
				PRODUCT_BUNDLE_IDENTIFIER = com.zjwist.a.DSZSQLITE3Tests;
				PRODUCT_NAME = "$(TARGET_NAME)";
				TARGETED_DEVICE_FAMILY = "1,2";
				TEST_HOST = "$(BUILT_PRODUCTS_DIR)/DSZSQLITE3.app/DSZSQLITE3";
			};
			name = Debug;
		};
		051507551FCD11D100BEE324 /* Release */ = {
			isa = XCBuildConfiguration;
			buildSettings = {
				BUNDLE_LOADER = "$(TEST_HOST)";
				CODE_SIGN_STYLE = Automatic;
				DEVELOPMENT_TEAM = 5D5QPXSMSZ;
				INFOPLIST_FILE = DSZSQLITE3Tests/Info.plist;
				LD_RUNPATH_SEARCH_PATHS = "$(inherited) @executable_path/Frameworks @loader_path/Frameworks";
				PRODUCT_BUNDLE_IDENTIFIER = com.zjwist.a.DSZSQLITE3Tests;
				PRODUCT_NAME = "$(TARGET_NAME)";
				TARGETED_DEVICE_FAMILY = "1,2";
				TEST_HOST = "$(BUILT_PRODUCTS_DIR)/DSZSQLITE3.app/DSZSQLITE3";
			};
			name = Release;
		};
		051507571FCD11D100BEE324 /* Debug */ = {
			isa = XCBuildConfiguration;
			buildSettings = {
				CODE_SIGN_STYLE = Automatic;
				DEVELOPMENT_TEAM = 5D5QPXSMSZ;
				INFOPLIST_FILE = DSZSQLITE3UITests/Info.plist;
				LD_RUNPATH_SEARCH_PATHS = "$(inherited) @executable_path/Frameworks @loader_path/Frameworks";
				PRODUCT_BUNDLE_IDENTIFIER = com.zjwist.a.DSZSQLITE3UITests;
				PRODUCT_NAME = "$(TARGET_NAME)";
				TARGETED_DEVICE_FAMILY = "1,2";
				TEST_TARGET_NAME = DSZSQLITE3;
			};
			name = Debug;
		};
		051507581FCD11D100BEE324 /* Release */ = {
			isa = XCBuildConfiguration;
			buildSettings = {
				CODE_SIGN_STYLE = Automatic;
				DEVELOPMENT_TEAM = 5D5QPXSMSZ;
				INFOPLIST_FILE = DSZSQLITE3UITests/Info.plist;
				LD_RUNPATH_SEARCH_PATHS = "$(inherited) @executable_path/Frameworks @loader_path/Frameworks";
				PRODUCT_BUNDLE_IDENTIFIER = com.zjwist.a.DSZSQLITE3UITests;
				PRODUCT_NAME = "$(TARGET_NAME)";
				TARGETED_DEVICE_FAMILY = "1,2";
				TEST_TARGET_NAME = DSZSQLITE3;
			};
			name = Release;
		};
/* End XCBuildConfiguration section */

/* Begin XCConfigurationList section */
		0515071F1FCD11D100BEE324 /* Build configuration list for PBXProject "DSZSQLITE3" */ = {
			isa = XCConfigurationList;
			buildConfigurations = (
				0515074E1FCD11D100BEE324 /* Debug */,
				0515074F1FCD11D100BEE324 /* Release */,
			);
			defaultConfigurationIsVisible = 0;
			defaultConfigurationName = Release;
		};
		051507501FCD11D100BEE324 /* Build configuration list for PBXNativeTarget "DSZSQLITE3" */ = {
			isa = XCConfigurationList;
			buildConfigurations = (
				051507511FCD11D100BEE324 /* Debug */,
				051507521FCD11D100BEE324 /* Release */,
			);
			defaultConfigurationIsVisible = 0;
			defaultConfigurationName = Release;
		};
		051507531FCD11D100BEE324 /* Build configuration list for PBXNativeTarget "DSZSQLITE3Tests" */ = {
			isa = XCConfigurationList;
			buildConfigurations = (
				051507541FCD11D100BEE324 /* Debug */,
				051507551FCD11D100BEE324 /* Release */,
			);
			defaultConfigurationIsVisible = 0;
			defaultConfigurationName = Release;
		};
		051507561FCD11D100BEE324 /* Build configuration list for PBXNativeTarget "DSZSQLITE3UITests" */ = {
			isa = XCConfigurationList;
			buildConfigurations = (
				051507571FCD11D100BEE324 /* Debug */,
				051507581FCD11D100BEE324 /* Release */,
			);
			defaultConfigurationIsVisible = 0;
			defaultConfigurationName = Release;
		};
/* End XCConfigurationList section */
	};
	rootObject = 0515071C1FCD11D100BEE324 /* Project object */;
}
